
Microsoft Visual Studio Solution File, Format Version 12.00
# Visual Studio 15
Project("{FAE04EC0-301F-11D3-BF4B-00C04F79EFBC}") = "AutoMapperBuilder", "AutoMapperBuilder.csproj", "{67BDCDE7-70B6-4686-AEE4-F2CBF56F6628}"
EndProject
Global
	GlobalSection(SolutionConfigurationPlatforms) = preSolution
		Debug|Any CPU = Debug|Any CPU
		Release|Any CPU = Release|Any CPU
	EndGlobalSection
	GlobalSection(ProjectConfigurationPlatforms) = postSolution
		{67BDCDE7-70B6-4686-AEE4-F2CBF56F6628}.Debug|Any CPU.ActiveCfg = Debug|Any CPU
		{67BDCDE7-70B6-4686-AEE4-F2CBF56F6628}.Debug|Any CPU.Build.0 = Debug|Any CPU
		{67BDCDE7-70B6-4686-AEE4-F2CBF56F6628}.Release|Any CPU.ActiveCfg = Release|Any CPU
		{67BDCDE7-70B6-4686-AEE4-F2CBF56F6628}.Release|Any CPU.Build.0 = Release|Any CPU
	EndGlobalSection
EndGlobal
